// !$*UTF8*$!
{
	archiveVersion = 1;
	classes = {
	};
	objectVersion = 46;
	objects = {

/* Begin PBXBuildFile section */
		493F33611E36A92300D41128 /* AppDelegate.swift in Sources */ = {isa = PBXBuildFile; fileRef = 493F33601E36A92300D41128 /* AppDelegate.swift */; };
		493F33631E36A92300D41128 /* ViewController.swift in Sources */ = {isa = PBXBuildFile; fileRef = 493F33621E36A92300D41128 /* ViewController.swift */; };
		493F33661E36A92300D41128 /* Main.storyboard in Resources */ = {isa = PBXBuildFile; fileRef = 493F33641E36A92300D41128 /* Main.storyboard */; };
		493F33681E36A92300D41128 /* Assets.xcassets in Resources */ = {isa = PBXBuildFile; fileRef = 493F33671E36A92300D41128 /* Assets.xcassets */; };
		493F336B1E36A92300D41128 /* LaunchScreen.storyboard in Resources */ = {isa = PBXBuildFile; fileRef = 493F33691E36A92300D41128 /* LaunchScreen.storyboard */; };
		493F33731E36BF5800D41128 /* mountain.jpg in Resources */ = {isa = PBXBuildFile; fileRef = 493F33721E36BF5800D41128 /* mountain.jpg */; };
/* End PBXBuildFile section */

/* Begin PBXFileReference section */
		493F335D1E36A92300D41128 /* WeatherAPI.app */ = {isa = PBXFileReference; explicitFileType = wrapper.application; includeInIndex = 0; path = WeatherAPI.app; sourceTree = BUILT_PRODUCTS_DIR; };
		493F33601E36A92300D41128 /* AppDelegate.swift */ = {isa = PBXFileReference; lastKnownFileType = sourcecode.swift; path = AppDelegate.swift; sourceTree = "<group>"; };
		493F33621E36A92300D41128 /* ViewController.swift */ = {isa = PBXFileReference; lastKnownFileType = sourcecode.swift; path = ViewController.swift; sourceTree = "<group>"; };
		493F33651E36A92300D41128 /* Base */ = {isa = PBXFileReference; lastKnownFileType = file.storyboard; name = Base; path = Base.lproj/Main.storyboard; sourceTree = "<group>"; };
		493F33671E36A92300D41128 /* Assets.xcassets */ = {isa = PBXFileReference; lastKnownFileType = folder.assetcatalog; path = Assets.xcassets; sourceTree = "<group>"; };
		493F336A1E36A92300D41128 /* Base */ = {isa = PBXFileReference; lastKnownFileType = file.storyboard; name = Base; path = Base.lproj/LaunchScreen.storyboard; sourceTree = "<group>"; };
		493F336C1E36A92300D41128 /* Info.plist */ = {isa = PBXFileReference; lastKnownFileType = text.plist.xml; path = Info.plist; sourceTree = "<group>"; };
		493F33721E36BF5800D41128 /* mountain.jpg */ = {isa = PBXFileReference; lastKnownFileType = image.jpeg; path = mountain.jpg; sourceTree = "<group>"; };
/* End PBXFileReference section */

/* Begin PBXFrameworksBuildPhase section */
		493F335A1E36A92200D41128 /* Frameworks */ = {
			isa = PBXFrameworksBuildPhase;
			buildActionMask = 2147483647;
			files = (
			);
			runOnlyForDeploymentPostprocessing = 0;
		};
/* End PBXFrameworksBuildPhase section */

/* Begin PBXGroup section */
		493F33541E36A92200D41128 = {
			isa = PBXGroup;
			children = (
				493F335F1E36A92300D41128 /* Weather API */,
				493F335E1E36A92300D41128 /* Products */,
			);
			sourceTree = "<group>";
		};
		493F335E1E36A92300D41128 /* Products */ = {
			isa = PBXGroup;
			children = (
				493F335D1E36A92300D41128 /* WeatherAPI.app */,
			);
			name = Products;
			sourceTree = "<group>";
		};
		493F335F1E36A92300D41128 /* Weather API */ = {
			isa = PBXGroup;
			children = (
				493F33601E36A92300D41128 /* AppDelegate.swift */,
				493F33621E36A92300D41128 /* ViewController.swift */,
				493F33641E36A92300D41128 /* Main.storyboard */,
				493F33671E36A92300D41128 /* Assets.xcassets */,
				493F33691E36A92300D41128 /* LaunchScreen.storyboard */,
				493F336C1E36A92300D41128 /* Info.plist */,
				493F33721E36BF5800D41128 /* mountain.jpg */,
			);
			path = "Weather API";
			sourceTree = "<group>";
		};
/* End PBXGroup section */

/* Begin PBXNativeTarget section */
		493F335C1E36A92200D41128 /* WeatherAPI */ = {
			isa = PBXNativeTarget;
			buildConfigurationList = 493F336F1E36A92300D41128 /* Build configuration list for PBXNativeTarget "WeatherAPI" */;
			buildPhases = (
				493F33591E36A92200D41128 /* Sources */,
				493F335A1E36A92200D41128 /* Frameworks */,
				493F335B1E36A92200D41128 /* Resources */,
			);
			buildRules = (
			);
			dependencies = (
			);
			name = WeatherAPI;
			productName = "Weather API";
			productReference = 493F335D1E36A92300D41128 /* WeatherAPI.app */;
			productType = "com.apple.product-type.application";
		};
/* End PBXNativeTarget section */

/* Begin PBXProject section */
		493F33551E36A92200D41128 /* Project object */ = {
			isa = PBXProject;
			attributes = {
				LastSwiftUpdateCheck = 0810;
				LastUpgradeCheck = 0810;
				ORGANIZATIONNAME = zcheshire;
				TargetAttributes = {
					493F335C1E36A92200D41128 = {
						CreatedOnToolsVersion = 8.1;
						DevelopmentTeam = E55286BQ76;
						ProvisioningStyle = Automatic;
					};
				};
			};
			buildConfigurationList = 493F33581E36A92200D41128 /* Build configuration list for PBXProject "WeatherAPI" */;
			compatibilityVersion = "Xcode 3.2";
			developmentRegion = English;
			hasScannedForEncodings = 0;
			knownRegions = (
				en,
				Base,
			);
			mainGroup = 493F33541E36A92200D41128;
			productRefGroup = 493F335E1E36A92300D41128 /* Products */;
			projectDirPath = "";
			projectRoot = "";
			targets = (
				493F335C1E36A92200D41128 /* WeatherAPI */,
			);
		};
/* End PBXProject section */

/* Begin PBXResourcesBuildPhase section */
		493F335B1E36A92200D41128 /* Resources */ = {
			isa = PBXResourcesBuildPhase;
			buildActionMask = 2147483647;
			files = (
				493F336B1E36A92300D41128 /* LaunchScreen.storyboard in Resources */,
				493F33681E36A92300D41128 /* Assets.xcassets in Resources */,
				493F33731E36BF5800D41128 /* mountain.jpg in Resources */,
				493F33661E36A92300D41128 /* Main.storyboard in Resources */,
			);
			runOnlyForDeploymentPostprocessing = 0;
		};
/* End PBXResourcesBuildPhase section */

/* Begin PBXSourcesBuildPhase section */
		493F33591E36A92200D41128 /* Sources */ = {
			isa = PBXSourcesBuildPhase;
			buildActionMask = 2147483647;
			files = (
				493F33631E36A92300D41128 /* ViewController.swift in Sources */,
				493F33611E36A92300D41128 /* AppDelegate.swift in Sources */,
			);
			runOnlyForDeploymentPostprocessing = 0;
		};
/* End PBXSourcesBuildPhase section */

/* Begin PBXVariantGroup section */
		493F33641E36A92300D41128 /* Main.storyboard */ = {
			isa = PBXVariantGroup;
			children = (
				493F33651E36A92300D41128 /* Base */,
			);
			name = Main.storyboard;
			sourceTree = "<group>";
		};
		493F33691E36A92300D41128 /* LaunchScreen.storyboard */ = {
			isa = PBXVariantGroup;
			children = (
				493F336A1E36A92300D41128 /* Base */,
			);
			name = LaunchScreen.storyboard;
			sourceTree = "<group>";
		};
/* End PBXVariantGroup section */

/* Begin XCBuildConfiguration section */
		493F336D1E36A92300D41128 /* Debug */ = {
			isa = XCBuildConfiguration;
			buildSettings = {
				ALWAYS_SEARCH_USER_PATHS = NO;
				CLANG_ANALYZER_NONNULL = YES;
				CLANG_CXX_LANGUAGE_STANDARD = "gnu++0x";
				CLANG_CXX_LIBRARY = "libc++";
				CLANG_ENABLE_MODULES = YES;
				CLANG_ENABLE_OBJC_ARC = YES;
				CLANG_WARN_BOOL_CONVERSION = YES;
				CLANG_WARN_CONSTANT_CONVERSION = YES;
				CLANG_WARN_DIRECT_OBJC_ISA_USAGE = YES_ERROR;
				CLANG_WARN_DOCUMENTATION_COMMENTS = YES;
				CLANG_WARN_EMPTY_BODY = YES;
				CLANG_WARN_ENUM_CONVERSION = YES;
				CLANG_WARN_INFINITE_RECURSION = YES;
				CLANG_WARN_INT_CONVERSION = YES;
				CLANG_WARN_OBJC_ROOT_CLASS = YES_ERROR;
				CLANG_WARN_SUSPICIOUS_MOVES = YES;
				CLANG_WARN_UNREACHABLE_CODE = YES;
				CLANG_WARN__DUPLICATE_METHOD_MATCH = YES;
				"CODE_SIGN_IDENTITY[sdk=iphoneos*]" = "iPhone Developer";
				COPY_PHASE_STRIP = NO;
				DEBUG_INFORMATION_FORMAT = dwarf;
				ENABLE_STRICT_OBJC_MSGSEND = YES;
				ENABLE_TESTABILITY = YES;
				GCC_C_LANGUAGE_STANDARD = gnu99;
				GCC_DYNAMIC_NO_PIC = NO;
				GCC_NO_COMMON_BLOCKS = YES;
				GCC_OPTIMIZATION_LEVEL = 0;
				GCC_PREPROCESSOR_DEFINITIONS = (
					"DEBUG=1",
					"$(inherited)",
				);
				GCC_WARN_64_TO_32_BIT_CONVERSION = YES;
				GCC_WARN_ABOUT_RETURN_TYPE = YES_ERROR;
				GCC_WARN_UNDECLARED_SELECTOR = YES;
				GCC_WARN_UNINITIALIZED_AUTOS = YES_AGGRESSIVE;
				GCC_WARN_UNUSED_FUNCTION = YES;
				GCC_WARN_UNUSED_VARIABLE = YES;
				IPHONEOS_DEPLOYMENT_TARGET = 10.1;
				MTL_ENABLE_DEBUG_INFO = YES;
				ONLY_ACTIVE_ARCH = YES;
				SDKROOT = iphoneos;
				SWIFT_ACTIVE_COMPILATION_CONDITIONS = DEBUG;
				SWIFT_OPTIMIZATION_LEVEL = "-Onone";
			};
			name = Debug;
		};
		493F336E1E36A92300D41128 /* Release */ = {
			isa = XCBuildConfiguration;
			buildSettings = {
				ALWAYS_SEARCH_USER_PATHS = NO;
				CLANG_ANALYZER_NONNULL = YES;
				CLANG_CXX_LANGUAGE_STANDARD = "gnu++0x";
				CLANG_CXX_LIBRARY = "libc++";
				CLANG_ENABLE_MODULES = YES;
				CLANG_ENABLE_OBJC_ARC = YES;
				CLANG_WARN_BOOL_CONVERSION = YES;
				CLANG_WARN_CONSTANT_CONVERSION = YES;
				CLANG_WARN_DIRECT_OBJC_ISA_USAGE = YES_ERROR;
				CLANG_WARN_DOCUMENTATION_COMMENTS = YES;
				CLANG_WARN_EMPTY_BODY = YES;
				CLANG_WARN_ENUM_CONVERSION = YES;
				CLANG_WARN_INFINITE_RECURSION = YES;
				CLANG_WARN_INT_CONVERSION = YES;
				CLANG_WARN_OBJC_ROOT_CLASS = YES_ERROR;
				CLANG_WARN_SUSPICIOUS_MOVES = YES;
				CLANG_WARN_UNREACHABLE_CODE = YES;
				CLANG_WARN__DUPLICATE_METHOD_MATCH = YES;
				"CODE_SIGN_IDENTITY[sdk=iphoneos*]" = "iPhone Developer";
				COPY_PHASE_STRIP = NO;
				DEBUG_INFORMATION_FORMAT = "dwarf-with-dsym";
				ENABLE_NS_ASSERTIONS = NO;
				ENABLE_STRICT_OBJC_MSGSEND = YES;
				GCC_C_LANGUAGE_STANDARD = gnu99;
				GCC_NO_COMMON_BLOCKS = YES;
				GCC_WARN_64_TO_32_BIT_CONVERSION = YES;
				GCC_WARN_ABOUT_RETURN_TYPE = YES_ERROR;
				GCC_WARN_UNDECLARED_SELECTOR = YES;
				GCC_WARN_UNINITIALIZED_AUTOS = YES_AGGRESSIVE;
				GCC_WARN_UNUSED_FUNCTION = YES;
				GCC_WARN_UNUSED_VARIABLE = YES;
				IPHONEOS_DEPLOYMENT_TARGET = 10.1;
				MTL_ENABLE_DEBUG_INFO = NO;
				SDKROOT = iphoneos;
				SWIFT_OPTIMIZATION_LEVEL = "-Owholemodule";
				VALIDATE_PRODUCT = YES;
			};
			name = Release;
		};
		493F33701E36A92300D41128 /* Debug */ = {
			isa = XCBuildConfiguration;
			buildSettings = {
				ASSETCATALOG_COMPILER_APPICON_NAME = AppIcon;
				DEVELOPMENT_TEAM = E55286BQ76;
				INFOPLIST_FILE = "Weather API/Info.plist";
				LD_RUNPATH_SEARCH_PATHS = "$(inherited) @executable_path/Frameworks";
				PRODUCT_BUNDLE_IDENTIFIER = self.edu.WeatherAPI;
				PRODUCT_NAME = "$(TARGET_NAME)";
				SWIFT_VERSION = 3.0;
			};
			name = Debug;
		};
		493F33711E36A92300D41128 /* Release */ = {
			isa = XCBuildConfiguration;
			buildSettings = {
				ASSETCATALOG_COMPILER_APPICON_NAME = AppIcon;
				DEVELOPMENT_TEAM = E55286BQ76;
				INFOPLIST_FILE = "Weather API/Info.plist";
				LD_RUNPATH_SEARCH_PATHS = "$(inherited) @executable_path/Frameworks";
				PRODUCT_BUNDLE_IDENTIFIER = self.edu.WeatherAPI;
				PRODUCT_NAME = "$(TARGET_NAME)";
				SWIFT_VERSION = 3.0;
			};
			name = Release;
		};
/* End XCBuildConfiguration section */

/* Begin XCConfigurationList section */
		493F33581E36A92200D41128 /* Build configuration list for PBXProject "WeatherAPI" */ = {
			isa = XCConfigurationList;
			buildConfigurations = (
				493F336D1E36A92300D41128 /* Debug */,
				493F336E1E36A92300D41128 /* Release */,
			);
			defaultConfigurationIsVisible = 0;
			defaultConfigurationName = Release;
		};
		493F336F1E36A92300D41128 /* Build configuration list for PBXNativeTarget "WeatherAPI" */ = {
			isa = XCConfigurationList;
			buildConfigurations = (
				493F33701E36A92300D41128 /* Debug */,
				493F33711E36A92300D41128 /* Release */,
			);
			defaultConfigurationIsVisible = 0;
			defaultConfigurationName = Release;
		};
/* End XCConfigurationList section */
	};
	rootObject = 493F33551E36A92200D41128 /* Project object */;
}
